
Microsoft Visual Studio Solution File, Format Version 12.00
Project("{FAE04EC0-301F-11D3-BF4B-00C04F79EFBC}") = "ConsoleProject", "ConsoleProject\ConsoleProject.csproj", "{EF95D316-5D8D-4C20-A42F-0B59372AC9AD}"
EndProject
Project("{2150E333-8FDC-42A3-9474-1A3956D46DE8}") = "Task1", "Task1", "{DCFB1C6B-F3BF-4E0F-ADDC-7EC0B231F108}"
EndProject
Project("{2150E333-8FDC-42A3-9474-1A3956D46DE8}") = "Task2", "Task2", "{A51A9F2E-F483-45C5-88F9-B281D9F47801}"
EndProject
Project("{2150E333-8FDC-42A3-9474-1A3956D46DE8}") = "Task3", "Task3", "{23B301E6-01C5-4B51-ADBE-7E71AB217553}"
EndProject
Project("{FAE04EC0-301F-11D3-BF4B-00C04F79EFBC}") = "TaxiCompany", "Task1\TaxiCompany\TaxiCompany.csproj", "{E81C203B-019B-41AF-BF85-B4D766FB9342}"
EndProject
Project("{FAE04EC0-301F-11D3-BF4B-00C04F79EFBC}") = "TextModel", "Task2\TextModel\TextModel.csproj", "{0F9ADE8D-35CD-4F5E-8381-9F5C1CC77B3A}"
EndProject
Project("{FAE04EC0-301F-11D3-BF4B-00C04F79EFBC}") = "TextProcessing", "Task2\TextProcessing\TextProcessing.csproj", "{6D86A5DD-1ED0-412D-8757-28DB344EE286}"
EndProject
Project("{FAE04EC0-301F-11D3-BF4B-00C04F79EFBC}") = "AutomationStation", "Task3\AutomationStation\AutomationStation.csproj", "{A644F6E2-5897-482C-8E86-4A4358D37D6B}"
EndProject
Project("{FAE04EC0-301F-11D3-BF4B-00C04F79EFBC}") = "UnitTests", "UnitTests\UnitTests.csproj", "{355E4C95-FF2C-42FD-9177-265B0189DEB8}"
EndProject
Global
	GlobalSection(SolutionConfigurationPlatforms) = preSolution
		Debug|Any CPU = Debug|Any CPU
		Release|Any CPU = Release|Any CPU
	EndGlobalSection
	GlobalSection(ProjectConfigurationPlatforms) = postSolution
		{EF95D316-5D8D-4C20-A42F-0B59372AC9AD}.Debug|Any CPU.ActiveCfg = Debug|Any CPU
		{EF95D316-5D8D-4C20-A42F-0B59372AC9AD}.Debug|Any CPU.Build.0 = Debug|Any CPU
		{EF95D316-5D8D-4C20-A42F-0B59372AC9AD}.Release|Any CPU.ActiveCfg = Release|Any CPU
		{EF95D316-5D8D-4C20-A42F-0B59372AC9AD}.Release|Any CPU.Build.0 = Release|Any CPU
		{A644F6E2-5897-482C-8E86-4A4358D37D6B}.Debug|Any CPU.ActiveCfg = Debug|Any CPU
		{A644F6E2-5897-482C-8E86-4A4358D37D6B}.Debug|Any CPU.Build.0 = Debug|Any CPU
		{E81C203B-019B-41AF-BF85-B4D766FB9342}.Debug|Any CPU.ActiveCfg = Debug|Any CPU
		{E81C203B-019B-41AF-BF85-B4D766FB9342}.Debug|Any CPU.Build.0 = Debug|Any CPU
		{0F9ADE8D-35CD-4F5E-8381-9F5C1CC77B3A}.Debug|Any CPU.ActiveCfg = Debug|Any CPU
		{0F9ADE8D-35CD-4F5E-8381-9F5C1CC77B3A}.Debug|Any CPU.Build.0 = Debug|Any CPU
		{6D86A5DD-1ED0-412D-8757-28DB344EE286}.Debug|Any CPU.ActiveCfg = Debug|Any CPU
		{6D86A5DD-1ED0-412D-8757-28DB344EE286}.Debug|Any CPU.Build.0 = Debug|Any CPU
		{355E4C95-FF2C-42FD-9177-265B0189DEB8}.Debug|Any CPU.ActiveCfg = Debug|Any CPU
		{355E4C95-FF2C-42FD-9177-265B0189DEB8}.Debug|Any CPU.Build.0 = Debug|Any CPU
		{355E4C95-FF2C-42FD-9177-265B0189DEB8}.Release|Any CPU.ActiveCfg = Release|Any CPU
		{355E4C95-FF2C-42FD-9177-265B0189DEB8}.Release|Any CPU.Build.0 = Release|Any CPU
	EndGlobalSection
	GlobalSection(NestedProjects) = preSolution
		{E81C203B-019B-41AF-BF85-B4D766FB9342} = {DCFB1C6B-F3BF-4E0F-ADDC-7EC0B231F108}
		{A644F6E2-5897-482C-8E86-4A4358D37D6B} = {23B301E6-01C5-4B51-ADBE-7E71AB217553}
		{0F9ADE8D-35CD-4F5E-8381-9F5C1CC77B3A} = {A51A9F2E-F483-45C5-88F9-B281D9F47801}
		{6D86A5DD-1ED0-412D-8757-28DB344EE286} = {A51A9F2E-F483-45C5-88F9-B281D9F47801}
	EndGlobalSection
EndGlobal
